
Microsoft Visual Studio Solution File, Format Version 12.00
# Visual Studio Version 17
VisualStudioVersion = 17.9.34607.119
MinimumVisualStudioVersion = 10.0.40219.1
Project("{FAE04EC0-301F-11D3-BF4B-00C04F79EFBC}") = "Átváltások", "Átváltások.csproj", "{9713EE5F-584E-429D-A60F-B68A9B685F9D}"
EndProject
Global
	GlobalSection(SolutionConfigurationPlatforms) = preSolution
		Debug|Any CPU = Debug|Any CPU
		Release|Any CPU = Release|Any CPU
	EndGlobalSection
	GlobalSection(ProjectConfigurationPlatforms) = postSolution
		{9713EE5F-584E-429D-A60F-B68A9B685F9D}.Debug|Any CPU.ActiveCfg = Debug|Any CPU
		{9713EE5F-584E-429D-A60F-B68A9B685F9D}.Debug|Any CPU.Build.0 = Debug|Any CPU
		{9713EE5F-584E-429D-A60F-B68A9B685F9D}.Release|Any CPU.ActiveCfg = Release|Any CPU
		{9713EE5F-584E-429D-A60F-B68A9B685F9D}.Release|Any CPU.Build.0 = Release|Any CPU
	EndGlobalSection
	GlobalSection(SolutionProperties) = preSolution
		HideSolutionNode = FALSE
	EndGlobalSection
	GlobalSection(ExtensibilityGlobals) = postSolution
		SolutionGuid = {DCC1A108-F951-4BE3-AFC2-9FC0DD36246D}
	EndGlobalSection
EndGlobal
